// !$*UTF8*$!
{
	archiveVersion = 1;
	classes = {
	};
	objectVersion = 46;
	objects = {

/* Begin PBXBuildFile section */
		1BAAC7211861949F0048AF40 /* Foundation.framework in Frameworks */ = {isa = PBXBuildFile; fileRef = 1BAAC7201861949F0048AF40 /* Foundation.framework */; };
		1BAAC7231861949F0048AF40 /* CoreGraphics.framework in Frameworks */ = {isa = PBXBuildFile; fileRef = 1BAAC7221861949F0048AF40 /* CoreGraphics.framework */; };
		1BAAC7251861949F0048AF40 /* UIKit.framework in Frameworks */ = {isa = PBXBuildFile; fileRef = 1BAAC7241861949F0048AF40 /* UIKit.framework */; };
		1BAAC72B1861949F0048AF40 /* InfoPlist.strings in Resources */ = {isa = PBXBuildFile; fileRef = 1BAAC7291861949F0048AF40 /* InfoPlist.strings */; };
		1BAAC72D1861949F0048AF40 /* main.m in Sources */ = {isa = PBXBuildFile; fileRef = 1BAAC72C1861949F0048AF40 /* main.m */; };
		1BAAC7311861949F0048AF40 /* AppDelegate.m in Sources */ = {isa = PBXBuildFile; fileRef = 1BAAC7301861949F0048AF40 /* AppDelegate.m */; };
		1BAAC7341861949F0048AF40 /* Main.storyboard in Resources */ = {isa = PBXBuildFile; fileRef = 1BAAC7321861949F0048AF40 /* Main.storyboard */; };
		1BAAC7371861949F0048AF40 /* FirstViewController.m in Sources */ = {isa = PBXBuildFile; fileRef = 1BAAC7361861949F0048AF40 /* FirstViewController.m */; };
		1BAAC73A1861949F0048AF40 /* SecondViewController.m in Sources */ = {isa = PBXBuildFile; fileRef = 1BAAC7391861949F0048AF40 /* SecondViewController.m */; };
		1BAAC73C186194A00048AF40 /* Images.xcassets in Resources */ = {isa = PBXBuildFile; fileRef = 1BAAC73B186194A00048AF40 /* Images.xcassets */; };
		1BAAC743186194A00048AF40 /* XCTest.framework in Frameworks */ = {isa = PBXBuildFile; fileRef = 1BAAC742186194A00048AF40 /* XCTest.framework */; };
		1BAAC744186194A00048AF40 /* Foundation.framework in Frameworks */ = {isa = PBXBuildFile; fileRef = 1BAAC7201861949F0048AF40 /* Foundation.framework */; };
		1BAAC745186194A00048AF40 /* UIKit.framework in Frameworks */ = {isa = PBXBuildFile; fileRef = 1BAAC7241861949F0048AF40 /* UIKit.framework */; };
		1BAAC74D186194A00048AF40 /* InfoPlist.strings in Resources */ = {isa = PBXBuildFile; fileRef = 1BAAC74B186194A00048AF40 /* InfoPlist.strings */; };
		1BAAC74F186194A00048AF40 /* HakobusTests.m in Sources */ = {isa = PBXBuildFile; fileRef = 1BAAC74E186194A00048AF40 /* HakobusTests.m */; };
/* End PBXBuildFile section */

/* Begin PBXContainerItemProxy section */
		1BAAC746186194A00048AF40 /* PBXContainerItemProxy */ = {
			isa = PBXContainerItemProxy;
			containerPortal = 1BAAC7151861949F0048AF40 /* Project object */;
			proxyType = 1;
			remoteGlobalIDString = 1BAAC71C1861949F0048AF40;
			remoteInfo = Hakobus;
		};
/* End PBXContainerItemProxy section */

/* Begin PBXFileReference section */
		1BAAC71D1861949F0048AF40 /* Hakobus.app */ = {isa = PBXFileReference; explicitFileType = wrapper.application; includeInIndex = 0; path = Hakobus.app; sourceTree = BUILT_PRODUCTS_DIR; };
		1BAAC7201861949F0048AF40 /* Foundation.framework */ = {isa = PBXFileReference; lastKnownFileType = wrapper.framework; name = Foundation.framework; path = System/Library/Frameworks/Foundation.framework; sourceTree = SDKROOT; };
		1BAAC7221861949F0048AF40 /* CoreGraphics.framework */ = {isa = PBXFileReference; lastKnownFileType = wrapper.framework; name = CoreGraphics.framework; path = System/Library/Frameworks/CoreGraphics.framework; sourceTree = SDKROOT; };
		1BAAC7241861949F0048AF40 /* UIKit.framework */ = {isa = PBXFileReference; lastKnownFileType = wrapper.framework; name = UIKit.framework; path = System/Library/Frameworks/UIKit.framework; sourceTree = SDKROOT; };
		1BAAC7281861949F0048AF40 /* Hakobus-Info.plist */ = {isa = PBXFileReference; lastKnownFileType = text.plist.xml; path = "Hakobus-Info.plist"; sourceTree = "<group>"; };
		1BAAC72A1861949F0048AF40 /* en */ = {isa = PBXFileReference; lastKnownFileType = text.plist.strings; name = en; path = en.lproj/InfoPlist.strings; sourceTree = "<group>"; };
		1BAAC72C1861949F0048AF40 /* main.m */ = {isa = PBXFileReference; lastKnownFileType = sourcecode.c.objc; path = main.m; sourceTree = "<group>"; };
		1BAAC72E1861949F0048AF40 /* Hakobus-Prefix.pch */ = {isa = PBXFileReference; lastKnownFileType = sourcecode.c.h; path = "Hakobus-Prefix.pch"; sourceTree = "<group>"; };
		1BAAC72F1861949F0048AF40 /* AppDelegate.h */ = {isa = PBXFileReference; lastKnownFileType = sourcecode.c.h; path = AppDelegate.h; sourceTree = "<group>"; };
		1BAAC7301861949F0048AF40 /* AppDelegate.m */ = {isa = PBXFileReference; lastKnownFileType = sourcecode.c.objc; path = AppDelegate.m; sourceTree = "<group>"; };
		1BAAC7331861949F0048AF40 /* Base */ = {isa = PBXFileReference; lastKnownFileType = file.storyboard; name = Base; path = Base.lproj/Main.storyboard; sourceTree = "<group>"; };
		1BAAC7351861949F0048AF40 /* FirstViewController.h */ = {isa = PBXFileReference; lastKnownFileType = sourcecode.c.h; path = FirstViewController.h; sourceTree = "<group>"; };
		1BAAC7361861949F0048AF40 /* FirstViewController.m */ = {isa = PBXFileReference; lastKnownFileType = sourcecode.c.objc; path = FirstViewController.m; sourceTree = "<group>"; };
		1BAAC7381861949F0048AF40 /* SecondViewController.h */ = {isa = PBXFileReference; lastKnownFileType = sourcecode.c.h; path = SecondViewController.h; sourceTree = "<group>"; };
		1BAAC7391861949F0048AF40 /* SecondViewController.m */ = {isa = PBXFileReference; lastKnownFileType = sourcecode.c.objc; path = SecondViewController.m; sourceTree = "<group>"; };
		1BAAC73B186194A00048AF40 /* Images.xcassets */ = {isa = PBXFileReference; lastKnownFileType = folder.assetcatalog; path = Images.xcassets; sourceTree = "<group>"; };
		1BAAC741186194A00048AF40 /* HakobusTests.xctest */ = {isa = PBXFileReference; explicitFileType = wrapper.cfbundle; includeInIndex = 0; path = HakobusTests.xctest; sourceTree = BUILT_PRODUCTS_DIR; };
		1BAAC742186194A00048AF40 /* XCTest.framework */ = {isa = PBXFileReference; lastKnownFileType = wrapper.framework; name = XCTest.framework; path = Library/Frameworks/XCTest.framework; sourceTree = DEVELOPER_DIR; };
		1BAAC74A186194A00048AF40 /* HakobusTests-Info.plist */ = {isa = PBXFileReference; lastKnownFileType = text.plist.xml; path = "HakobusTests-Info.plist"; sourceTree = "<group>"; };
		1BAAC74C186194A00048AF40 /* en */ = {isa = PBXFileReference; lastKnownFileType = text.plist.strings; name = en; path = en.lproj/InfoPlist.strings; sourceTree = "<group>"; };
		1BAAC74E186194A00048AF40 /* HakobusTests.m */ = {isa = PBXFileReference; lastKnownFileType = sourcecode.c.objc; path = HakobusTests.m; sourceTree = "<group>"; };
/* End PBXFileReference section */

/* Begin PBXFrameworksBuildPhase section */
		1BAAC71A1861949F0048AF40 /* Frameworks */ = {
			isa = PBXFrameworksBuildPhase;
			buildActionMask = 2147483647;
			files = (
				1BAAC7231861949F0048AF40 /* CoreGraphics.framework in Frameworks */,
				1BAAC7251861949F0048AF40 /* UIKit.framework in Frameworks */,
				1BAAC7211861949F0048AF40 /* Foundation.framework in Frameworks */,
			);
			runOnlyForDeploymentPostprocessing = 0;
		};
		1BAAC73E186194A00048AF40 /* Frameworks */ = {
			isa = PBXFrameworksBuildPhase;
			buildActionMask = 2147483647;
			files = (
				1BAAC743186194A00048AF40 /* XCTest.framework in Frameworks */,
				1BAAC745186194A00048AF40 /* UIKit.framework in Frameworks */,
				1BAAC744186194A00048AF40 /* Foundation.framework in Frameworks */,
			);
			runOnlyForDeploymentPostprocessing = 0;
		};
/* End PBXFrameworksBuildPhase section */

/* Begin PBXGroup section */
		1BAAC7141861949F0048AF40 = {
			isa = PBXGroup;
			children = (
				1BAAC7261861949F0048AF40 /* Hakobus */,
				1BAAC748186194A00048AF40 /* HakobusTests */,
				1BAAC71F1861949F0048AF40 /* Frameworks */,
				1BAAC71E1861949F0048AF40 /* Products */,
			);
			sourceTree = "<group>";
		};
		1BAAC71E1861949F0048AF40 /* Products */ = {
			isa = PBXGroup;
			children = (
				1BAAC71D1861949F0048AF40 /* Hakobus.app */,
				1BAAC741186194A00048AF40 /* HakobusTests.xctest */,
			);
			name = Products;
			sourceTree = "<group>";
		};
		1BAAC71F1861949F0048AF40 /* Frameworks */ = {
			isa = PBXGroup;
			children = (
				1BAAC7201861949F0048AF40 /* Foundation.framework */,
				1BAAC7221861949F0048AF40 /* CoreGraphics.framework */,
				1BAAC7241861949F0048AF40 /* UIKit.framework */,
				1BAAC742186194A00048AF40 /* XCTest.framework */,
			);
			name = Frameworks;
			sourceTree = "<group>";
		};
		1BAAC7261861949F0048AF40 /* Hakobus */ = {
			isa = PBXGroup;
			children = (
				1BAAC72F1861949F0048AF40 /* AppDelegate.h */,
				1BAAC7301861949F0048AF40 /* AppDelegate.m */,
				1BAAC7321861949F0048AF40 /* Main.storyboard */,
				1BAAC7351861949F0048AF40 /* FirstViewController.h */,
				1BAAC7361861949F0048AF40 /* FirstViewController.m */,
				1BAAC7381861949F0048AF40 /* SecondViewController.h */,
				1BAAC7391861949F0048AF40 /* SecondViewController.m */,
				1BAAC73B186194A00048AF40 /* Images.xcassets */,
				1BAAC7271861949F0048AF40 /* Supporting Files */,
			);
			path = Hakobus;
			sourceTree = "<group>";
		};
		1BAAC7271861949F0048AF40 /* Supporting Files */ = {
			isa = PBXGroup;
			children = (
				1BAAC7281861949F0048AF40 /* Hakobus-Info.plist */,
				1BAAC7291861949F0048AF40 /* InfoPlist.strings */,
				1BAAC72C1861949F0048AF40 /* main.m */,
				1BAAC72E1861949F0048AF40 /* Hakobus-Prefix.pch */,
			);
			name = "Supporting Files";
			sourceTree = "<group>";
		};
		1BAAC748186194A00048AF40 /* HakobusTests */ = {
			isa = PBXGroup;
			children = (
				1BAAC74E186194A00048AF40 /* HakobusTests.m */,
				1BAAC749186194A00048AF40 /* Supporting Files */,
			);
			path = HakobusTests;
			sourceTree = "<group>";
		};
		1BAAC749186194A00048AF40 /* Supporting Files */ = {
			isa = PBXGroup;
			children = (
				1BAAC74A186194A00048AF40 /* HakobusTests-Info.plist */,
				1BAAC74B186194A00048AF40 /* InfoPlist.strings */,
			);
			name = "Supporting Files";
			sourceTree = "<group>";
		};
/* End PBXGroup section */

/* Begin PBXNativeTarget section */
		1BAAC71C1861949F0048AF40 /* Hakobus */ = {
			isa = PBXNativeTarget;
			buildConfigurationList = 1BAAC752186194A00048AF40 /* Build configuration list for PBXNativeTarget "Hakobus" */;
			buildPhases = (
				1BAAC7191861949F0048AF40 /* Sources */,
				1BAAC71A1861949F0048AF40 /* Frameworks */,
				1BAAC71B1861949F0048AF40 /* Resources */,
			);
			buildRules = (
			);
			dependencies = (
			);
			name = Hakobus;
			productName = Hakobus;
			productReference = 1BAAC71D1861949F0048AF40 /* Hakobus.app */;
			productType = "com.apple.product-type.application";
		};
		1BAAC740186194A00048AF40 /* HakobusTests */ = {
			isa = PBXNativeTarget;
			buildConfigurationList = 1BAAC755186194A00048AF40 /* Build configuration list for PBXNativeTarget "HakobusTests" */;
			buildPhases = (
				1BAAC73D186194A00048AF40 /* Sources */,
				1BAAC73E186194A00048AF40 /* Frameworks */,
				1BAAC73F186194A00048AF40 /* Resources */,
			);
			buildRules = (
			);
			dependencies = (
				1BAAC747186194A00048AF40 /* PBXTargetDependency */,
			);
			name = HakobusTests;
			productName = HakobusTests;
			productReference = 1BAAC741186194A00048AF40 /* HakobusTests.xctest */;
			productType = "com.apple.product-type.bundle.unit-test";
		};
/* End PBXNativeTarget section */

/* Begin PBXProject section */
		1BAAC7151861949F0048AF40 /* Project object */ = {
			isa = PBXProject;
			attributes = {
				LastUpgradeCheck = 0500;
				ORGANIZATIONNAME = kodam;
				TargetAttributes = {
					1BAAC740186194A00048AF40 = {
						TestTargetID = 1BAAC71C1861949F0048AF40;
					};
				};
			};
			buildConfigurationList = 1BAAC7181861949F0048AF40 /* Build configuration list for PBXProject "Hakobus" */;
			compatibilityVersion = "Xcode 3.2";
			developmentRegion = English;
			hasScannedForEncodings = 0;
			knownRegions = (
				en,
				Base,
			);
			mainGroup = 1BAAC7141861949F0048AF40;
			productRefGroup = 1BAAC71E1861949F0048AF40 /* Products */;
			projectDirPath = "";
			projectRoot = "";
			targets = (
				1BAAC71C1861949F0048AF40 /* Hakobus */,
				1BAAC740186194A00048AF40 /* HakobusTests */,
			);
		};
/* End PBXProject section */

/* Begin PBXResourcesBuildPhase section */
		1BAAC71B1861949F0048AF40 /* Resources */ = {
			isa = PBXResourcesBuildPhase;
			buildActionMask = 2147483647;
			files = (
				1BAAC73C186194A00048AF40 /* Images.xcassets in Resources */,
				1BAAC72B1861949F0048AF40 /* InfoPlist.strings in Resources */,
				1BAAC7341861949F0048AF40 /* Main.storyboard in Resources */,
			);
			runOnlyForDeploymentPostprocessing = 0;
		};
		1BAAC73F186194A00048AF40 /* Resources */ = {
			isa = PBXResourcesBuildPhase;
			buildActionMask = 2147483647;
			files = (
				1BAAC74D186194A00048AF40 /* InfoPlist.strings in Resources */,
			);
			runOnlyForDeploymentPostprocessing = 0;
		};
/* End PBXResourcesBuildPhase section */

/* Begin PBXSourcesBuildPhase section */
		1BAAC7191861949F0048AF40 /* Sources */ = {
			isa = PBXSourcesBuildPhase;
			buildActionMask = 2147483647;
			files = (
				1BAAC73A1861949F0048AF40 /* SecondViewController.m in Sources */,
				1BAAC7311861949F0048AF40 /* AppDelegate.m in Sources */,
				1BAAC7371861949F0048AF40 /* FirstViewController.m in Sources */,
				1BAAC72D1861949F0048AF40 /* main.m in Sources */,
			);
			runOnlyForDeploymentPostprocessing = 0;
		};
		1BAAC73D186194A00048AF40 /* Sources */ = {
			isa = PBXSourcesBuildPhase;
			buildActionMask = 2147483647;
			files = (
				1BAAC74F186194A00048AF40 /* HakobusTests.m in Sources */,
			);
			runOnlyForDeploymentPostprocessing = 0;
		};
/* End PBXSourcesBuildPhase section */

/* Begin PBXTargetDependency section */
		1BAAC747186194A00048AF40 /* PBXTargetDependency */ = {
			isa = PBXTargetDependency;
			target = 1BAAC71C1861949F0048AF40 /* Hakobus */;
			targetProxy = 1BAAC746186194A00048AF40 /* PBXContainerItemProxy */;
		};
/* End PBXTargetDependency section */

/* Begin PBXVariantGroup section */
		1BAAC7291861949F0048AF40 /* InfoPlist.strings */ = {
			isa = PBXVariantGroup;
			children = (
				1BAAC72A1861949F0048AF40 /* en */,
			);
			name = InfoPlist.strings;
			sourceTree = "<group>";
		};
		1BAAC7321861949F0048AF40 /* Main.storyboard */ = {
			isa = PBXVariantGroup;
			children = (
				1BAAC7331861949F0048AF40 /* Base */,
			);
			name = Main.storyboard;
			sourceTree = "<group>";
		};
		1BAAC74B186194A00048AF40 /* InfoPlist.strings */ = {
			isa = PBXVariantGroup;
			children = (
				1BAAC74C186194A00048AF40 /* en */,
			);
			name = InfoPlist.strings;
			sourceTree = "<group>";
		};
/* End PBXVariantGroup section */

/* Begin XCBuildConfiguration section */
		1BAAC750186194A00048AF40 /* Debug */ = {
			isa = XCBuildConfiguration;
			buildSettings = {
				ALWAYS_SEARCH_USER_PATHS = NO;
				ARCHS = "$(ARCHS_STANDARD_INCLUDING_64_BIT)";
				CLANG_CXX_LANGUAGE_STANDARD = "gnu++0x";
				CLANG_CXX_LIBRARY = "libc++";
				CLANG_ENABLE_MODULES = YES;
				CLANG_ENABLE_OBJC_ARC = YES;
				CLANG_WARN_BOOL_CONVERSION = YES;
				CLANG_WARN_CONSTANT_CONVERSION = YES;
				CLANG_WARN_DIRECT_OBJC_ISA_USAGE = YES_ERROR;
				CLANG_WARN_EMPTY_BODY = YES;
				CLANG_WARN_ENUM_CONVERSION = YES;
				CLANG_WARN_INT_CONVERSION = YES;
				CLANG_WARN_OBJC_ROOT_CLASS = YES_ERROR;
				CLANG_WARN__DUPLICATE_METHOD_MATCH = YES;
				"CODE_SIGN_IDENTITY[sdk=iphoneos*]" = "iPhone Developer";
				COPY_PHASE_STRIP = NO;
				GCC_C_LANGUAGE_STANDARD = gnu99;
				GCC_DYNAMIC_NO_PIC = NO;
				GCC_OPTIMIZATION_LEVEL = 0;
				GCC_PREPROCESSOR_DEFINITIONS = (
					"DEBUG=1",
					"$(inherited)",
				);
				GCC_SYMBOLS_PRIVATE_EXTERN = NO;
				GCC_WARN_64_TO_32_BIT_CONVERSION = YES;
				GCC_WARN_ABOUT_RETURN_TYPE = YES_ERROR;
				GCC_WARN_UNDECLARED_SELECTOR = YES;
				GCC_WARN_UNINITIALIZED_AUTOS = YES;
				GCC_WARN_UNUSED_FUNCTION = YES;
				GCC_WARN_UNUSED_VARIABLE = YES;
				IPHONEOS_DEPLOYMENT_TARGET = 7.0;
				ONLY_ACTIVE_ARCH = YES;
				SDKROOT = iphoneos;
			};
			name = Debug;
		};
		1BAAC751186194A00048AF40 /* Release */ = {
			isa = XCBuildConfiguration;
			buildSettings = {
				ALWAYS_SEARCH_USER_PATHS = NO;
				ARCHS = "$(ARCHS_STANDARD_INCLUDING_64_BIT)";
				CLANG_CXX_LANGUAGE_STANDARD = "gnu++0x";
				CLANG_CXX_LIBRARY = "libc++";
				CLANG_ENABLE_MODULES = YES;
				CLANG_ENABLE_OBJC_ARC = YES;
				CLANG_WARN_BOOL_CONVERSION = YES;
				CLANG_WARN_CONSTANT_CONVERSION = YES;
				CLANG_WARN_DIRECT_OBJC_ISA_USAGE = YES_ERROR;
				CLANG_WARN_EMPTY_BODY = YES;
				CLANG_WARN_ENUM_CONVERSION = YES;
				CLANG_WARN_INT_CONVERSION = YES;
				CLANG_WARN_OBJC_ROOT_CLASS = YES_ERROR;
				CLANG_WARN__DUPLICATE_METHOD_MATCH = YES;
				"CODE_SIGN_IDENTITY[sdk=iphoneos*]" = "iPhone Developer";
				COPY_PHASE_STRIP = YES;
				ENABLE_NS_ASSERTIONS = NO;
				GCC_C_LANGUAGE_STANDARD = gnu99;
				GCC_WARN_64_TO_32_BIT_CONVERSION = YES;
				GCC_WARN_ABOUT_RETURN_TYPE = YES_ERROR;
				GCC_WARN_UNDECLARED_SELECTOR = YES;
				GCC_WARN_UNINITIALIZED_AUTOS = YES;
				GCC_WARN_UNUSED_FUNCTION = YES;
				GCC_WARN_UNUSED_VARIABLE = YES;
				IPHONEOS_DEPLOYMENT_TARGET = 7.0;
				SDKROOT = iphoneos;
				VALIDATE_PRODUCT = YES;
			};
			name = Release;
		};
		1BAAC753186194A00048AF40 /* Debug */ = {
			isa = XCBuildConfiguration;
			buildSettings = {
				ASSETCATALOG_COMPILER_APPICON_NAME = AppIcon;
				ASSETCATALOG_COMPILER_LAUNCHIMAGE_NAME = LaunchImage;
				GCC_PRECOMPILE_PREFIX_HEADER = YES;
				GCC_PREFIX_HEADER = "Hakobus/Hakobus-Prefix.pch";
				INFOPLIST_FILE = "Hakobus/Hakobus-Info.plist";
				PRODUCT_NAME = "$(TARGET_NAME)";
				WRAPPER_EXTENSION = app;
			};
			name = Debug;
		};
		1BAAC754186194A00048AF40 /* Release */ = {
			isa = XCBuildConfiguration;
			buildSettings = {
				ASSETCATALOG_COMPILER_APPICON_NAME = AppIcon;
				ASSETCATALOG_COMPILER_LAUNCHIMAGE_NAME = LaunchImage;
				GCC_PRECOMPILE_PREFIX_HEADER = YES;
				GCC_PREFIX_HEADER = "Hakobus/Hakobus-Prefix.pch";
				INFOPLIST_FILE = "Hakobus/Hakobus-Info.plist";
				PRODUCT_NAME = "$(TARGET_NAME)";
				WRAPPER_EXTENSION = app;
			};
			name = Release;
		};
		1BAAC756186194A00048AF40 /* Debug */ = {
			isa = XCBuildConfiguration;
			buildSettings = {
				ARCHS = "$(ARCHS_STANDARD_INCLUDING_64_BIT)";
				BUNDLE_LOADER = "$(BUILT_PRODUCTS_DIR)/Hakobus.app/Hakobus";
				FRAMEWORK_SEARCH_PATHS = (
					"$(SDKROOT)/Developer/Library/Frameworks",
					"$(inherited)",
					"$(DEVELOPER_FRAMEWORKS_DIR)",
				);
				GCC_PRECOMPILE_PREFIX_HEADER = YES;
				GCC_PREFIX_HEADER = "Hakobus/Hakobus-Prefix.pch";
				GCC_PREPROCESSOR_DEFINITIONS = (
					"DEBUG=1",
					"$(inherited)",
				);
				INFOPLIST_FILE = "HakobusTests/HakobusTests-Info.plist";
				PRODUCT_NAME = "$(TARGET_NAME)";
				TEST_HOST = "$(BUNDLE_LOADER)";
				WRAPPER_EXTENSION = xctest;
			};
			name = Debug;
		};
		1BAAC757186194A00048AF40 /* Release */ = {
			isa = XCBuildConfiguration;
			buildSettings = {
				ARCHS = "$(ARCHS_STANDARD_INCLUDING_64_BIT)";
				BUNDLE_LOADER = "$(BUILT_PRODUCTS_DIR)/Hakobus.app/Hakobus";
				FRAMEWORK_SEARCH_PATHS = (
					"$(SDKROOT)/Developer/Library/Frameworks",
					"$(inherited)",
					"$(DEVELOPER_FRAMEWORKS_DIR)",
				);
				GCC_PRECOMPILE_PREFIX_HEADER = YES;
				GCC_PREFIX_HEADER = "Hakobus/Hakobus-Prefix.pch";
				INFOPLIST_FILE = "HakobusTests/HakobusTests-Info.plist";
				PRODUCT_NAME = "$(TARGET_NAME)";
				TEST_HOST = "$(BUNDLE_LOADER)";
				WRAPPER_EXTENSION = xctest;
			};
			name = Release;
		};
/* End XCBuildConfiguration section */

/* Begin XCConfigurationList section */
		1BAAC7181861949F0048AF40 /* Build configuration list for PBXProject "Hakobus" */ = {
			isa = XCConfigurationList;
			buildConfigurations = (
				1BAAC750186194A00048AF40 /* Debug */,
				1BAAC751186194A00048AF40 /* Release */,
			);
			defaultConfigurationIsVisible = 0;
			defaultConfigurationName = Release;
		};
		1BAAC752186194A00048AF40 /* Build configuration list for PBXNativeTarget "Hakobus" */ = {
			isa = XCConfigurationList;
			buildConfigurations = (
				1BAAC753186194A00048AF40 /* Debug */,
				1BAAC754186194A00048AF40 /* Release */,
			);
			defaultConfigurationIsVisible = 0;
		};
		1BAAC755186194A00048AF40 /* Build configuration list for PBXNativeTarget "HakobusTests" */ = {
			isa = XCConfigurationList;
			buildConfigurations = (
				1BAAC756186194A00048AF40 /* Debug */,
				1BAAC757186194A00048AF40 /* Release */,
			);
			defaultConfigurationIsVisible = 0;
		};
/* End XCConfigurationList section */
	};
	rootObject = 1BAAC7151861949F0048AF40 /* Project object */;
}
